{
  "originHash" : "014af5ad063bda12229e2eb7797ae80ab015441b0268b4d5b54fdddc16552c71",
  "pins" : [
    {
      "identity" : "naturallanguageembeddings",
      "kind" : "remoteSourceControl",
      "location" : "https://github.com/buh/NaturalLanguageEmbeddings.git",
      "state" : {
        "revision" : "fbcf681d013816e89da6001319f9bf848c5199d9",
        "version" : "1.0.1"
      }
    }
  ],
  "version" : 3
}
